
Microsoft Visual Studio Solution File, Format Version 12.00
# Visual Studio Version 16
VisualStudioVersion = 16.0.29920.165
MinimumVisualStudioVersion = 10.0.40219.1
Project("{FAE04EC0-301F-11D3-BF4B-00C04F79EFBC}") = "MyCustomerService.Web", "MyCustomerService.Web\MyCustomerService.Web.csproj", "{715E6609-AB50-426E-9F8F-73CA90D9A263}"
EndProject
Project("{FAE04EC0-301F-11D3-BF4B-00C04F79EFBC}") = "MyCustomerService.Data", "MyCustomerService.Data\MyCustomerService.Data.csproj", "{8D099412-4FDE-465B-A504-F598669BDBB4}"
EndProject
Project("{FAE04EC0-301F-11D3-BF4B-00C04F79EFBC}") = "MyCustomerService.Models", "MyCustomerService.Models\MyCustomerService.Models.csproj", "{7A65BD8F-4201-4632-B412-33FF903A6FA4}"
EndProject
Project("{FAE04EC0-301F-11D3-BF4B-00C04F79EFBC}") = "MyCustomerService.Services", "MyCustomerService.Services\MyCustomerService.Services.csproj", "{8BC73651-7377-4368-B654-E006A966D419}"
EndProject
Global
	GlobalSection(SolutionConfigurationPlatforms) = preSolution
		Debug|Any CPU = Debug|Any CPU
		Release|Any CPU = Release|Any CPU
	EndGlobalSection
	GlobalSection(ProjectConfigurationPlatforms) = postSolution
		{715E6609-AB50-426E-9F8F-73CA90D9A263}.Debug|Any CPU.ActiveCfg = Debug|Any CPU
		{715E6609-AB50-426E-9F8F-73CA90D9A263}.Debug|Any CPU.Build.0 = Debug|Any CPU
		{715E6609-AB50-426E-9F8F-73CA90D9A263}.Release|Any CPU.ActiveCfg = Release|Any CPU
		{715E6609-AB50-426E-9F8F-73CA90D9A263}.Release|Any CPU.Build.0 = Release|Any CPU
		{8D099412-4FDE-465B-A504-F598669BDBB4}.Debug|Any CPU.ActiveCfg = Debug|Any CPU
		{8D099412-4FDE-465B-A504-F598669BDBB4}.Debug|Any CPU.Build.0 = Debug|Any CPU
		{8D099412-4FDE-465B-A504-F598669BDBB4}.Release|Any CPU.ActiveCfg = Release|Any CPU
		{8D099412-4FDE-465B-A504-F598669BDBB4}.Release|Any CPU.Build.0 = Release|Any CPU
		{7A65BD8F-4201-4632-B412-33FF903A6FA4}.Debug|Any CPU.ActiveCfg = Debug|Any CPU
		{7A65BD8F-4201-4632-B412-33FF903A6FA4}.Debug|Any CPU.Build.0 = Debug|Any CPU
		{7A65BD8F-4201-4632-B412-33FF903A6FA4}.Release|Any CPU.ActiveCfg = Release|Any CPU
		{7A65BD8F-4201-4632-B412-33FF903A6FA4}.Release|Any CPU.Build.0 = Release|Any CPU
		{8BC73651-7377-4368-B654-E006A966D419}.Debug|Any CPU.ActiveCfg = Debug|Any CPU
		{8BC73651-7377-4368-B654-E006A966D419}.Debug|Any CPU.Build.0 = Debug|Any CPU
		{8BC73651-7377-4368-B654-E006A966D419}.Release|Any CPU.ActiveCfg = Release|Any CPU
		{8BC73651-7377-4368-B654-E006A966D419}.Release|Any CPU.Build.0 = Release|Any CPU
	EndGlobalSection
	GlobalSection(SolutionProperties) = preSolution
		HideSolutionNode = FALSE
	EndGlobalSection
	GlobalSection(ExtensibilityGlobals) = postSolution
		SolutionGuid = {3C448CC0-62E5-4282-B604-6463D2AD221B}
	EndGlobalSection
EndGlobal
